// !$*UTF8*$!
{
	archiveVersion = 1;
	classes = {
	};
	objectVersion = 46;
	objects = {

/* Begin PBXBuildFile section */
		DD6DD7971D2D2A3A00FF802A /* MELVisitor.m in Sources */ = {isa = PBXBuildFile; fileRef = DD6DD7961D2D2A3A00FF802A /* MELVisitor.m */; };
		DDAAA3021D2BEAEA000C2C6D /* main.m in Sources */ = {isa = PBXBuildFile; fileRef = DDAAA3011D2BEAEA000C2C6D /* main.m */; };
		DDAAA30C1D2BED83000C2C6D /* MELMyBook.m in Sources */ = {isa = PBXBuildFile; fileRef = DDAAA30B1D2BED83000C2C6D /* MELMyBook.m */; };
/* End PBXBuildFile section */

/* Begin PBXCopyFilesBuildPhase section */
		DDAAA2FC1D2BEAEA000C2C6D /* CopyFiles */ = {
			isa = PBXCopyFilesBuildPhase;
			buildActionMask = 2147483647;
			dstPath = /usr/share/man/man1/;
			dstSubfolderSpec = 0;
			files = (
			);
			runOnlyForDeploymentPostprocessing = 1;
		};
/* End PBXCopyFilesBuildPhase section */

/* Begin PBXFileReference section */
		DD6DD7951D2D2A1A00FF802A /* MELVisitor.h */ = {isa = PBXFileReference; lastKnownFileType = sourcecode.c.h; path = MELVisitor.h; sourceTree = "<group>"; };
		DD6DD7961D2D2A3A00FF802A /* MELVisitor.m */ = {isa = PBXFileReference; fileEncoding = 4; lastKnownFileType = sourcecode.c.objc; path = MELVisitor.m; sourceTree = "<group>"; };
		DDAAA2FE1D2BEAEA000C2C6D /* MyBook */ = {isa = PBXFileReference; explicitFileType = "compiled.mach-o.executable"; includeInIndex = 0; path = MyBook; sourceTree = BUILT_PRODUCTS_DIR; };
		DDAAA3011D2BEAEA000C2C6D /* main.m */ = {isa = PBXFileReference; lastKnownFileType = sourcecode.c.objc; path = main.m; sourceTree = "<group>"; };
		DDAAA3081D2BECC8000C2C6D /* MELMyBook.h */ = {isa = PBXFileReference; lastKnownFileType = sourcecode.c.h; path = MELMyBook.h; sourceTree = "<group>"; };
		DDAAA30B1D2BED83000C2C6D /* MELMyBook.m */ = {isa = PBXFileReference; fileEncoding = 4; lastKnownFileType = sourcecode.c.objc; path = MELMyBook.m; sourceTree = "<group>"; xcLanguageSpecificationIdentifier = xcode.lang.objc; };
/* End PBXFileReference section */

/* Begin PBXFrameworksBuildPhase section */
		DDAAA2FB1D2BEAEA000C2C6D /* Frameworks */ = {
			isa = PBXFrameworksBuildPhase;
			buildActionMask = 2147483647;
			files = (
			);
			runOnlyForDeploymentPostprocessing = 0;
		};
/* End PBXFrameworksBuildPhase section */

/* Begin PBXGroup section */
		DDAAA2F51D2BEAEA000C2C6D = {
			isa = PBXGroup;
			children = (
				DDAAA3001D2BEAEA000C2C6D /* MyBook */,
				DDAAA2FF1D2BEAEA000C2C6D /* Products */,
			);
			sourceTree = "<group>";
		};
		DDAAA2FF1D2BEAEA000C2C6D /* Products */ = {
			isa = PBXGroup;
			children = (
				DDAAA2FE1D2BEAEA000C2C6D /* MyBook */,
			);
			name = Products;
			sourceTree = "<group>";
		};
		DDAAA3001D2BEAEA000C2C6D /* MyBook */ = {
			isa = PBXGroup;
			children = (
				DDAAA3011D2BEAEA000C2C6D /* main.m */,
				DD6DD7951D2D2A1A00FF802A /* MELVisitor.h */,
				DD6DD7961D2D2A3A00FF802A /* MELVisitor.m */,
				DDAAA30B1D2BED83000C2C6D /* MELMyBook.m */,
				DDAAA3081D2BECC8000C2C6D /* MELMyBook.h */,
			);
			path = MyBook;
			sourceTree = "<group>";
		};
/* End PBXGroup section */

/* Begin PBXNativeTarget section */
		DDAAA2FD1D2BEAEA000C2C6D /* MyBook */ = {
			isa = PBXNativeTarget;
			buildConfigurationList = DDAAA3051D2BEAEA000C2C6D /* Build configuration list for PBXNativeTarget "MyBook" */;
			buildPhases = (
				DDAAA2FA1D2BEAEA000C2C6D /* Sources */,
				DDAAA2FB1D2BEAEA000C2C6D /* Frameworks */,
				DDAAA2FC1D2BEAEA000C2C6D /* CopyFiles */,
			);
			buildRules = (
			);
			dependencies = (
			);
			name = MyBook;
			productName = MyBook;
			productReference = DDAAA2FE1D2BEAEA000C2C6D /* MyBook */;
			productType = "com.apple.product-type.tool";
		};
/* End PBXNativeTarget section */

/* Begin PBXProject section */
		DDAAA2F61D2BEAEA000C2C6D /* Project object */ = {
			isa = PBXProject;
			attributes = {
				CLASSPREFIX = MEL;
				LastUpgradeCheck = 0730;
				ORGANIZATIONNAME = "Александр Мелащенко";
				TargetAttributes = {
					DDAAA2FD1D2BEAEA000C2C6D = {
						CreatedOnToolsVersion = 7.3.1;
					};
				};
			};
			buildConfigurationList = DDAAA2F91D2BEAEA000C2C6D /* Build configuration list for PBXProject "MyBook" */;
			compatibilityVersion = "Xcode 3.2";
			developmentRegion = English;
			hasScannedForEncodings = 0;
			knownRegions = (
				en,
			);
			mainGroup = DDAAA2F51D2BEAEA000C2C6D;
			productRefGroup = DDAAA2FF1D2BEAEA000C2C6D /* Products */;
			projectDirPath = "";
			projectRoot = "";
			targets = (
				DDAAA2FD1D2BEAEA000C2C6D /* MyBook */,
			);
		};
/* End PBXProject section */

/* Begin PBXSourcesBuildPhase section */
		DDAAA2FA1D2BEAEA000C2C6D /* Sources */ = {
			isa = PBXSourcesBuildPhase;
			buildActionMask = 2147483647;
			files = (
				DD6DD7971D2D2A3A00FF802A /* MELVisitor.m in Sources */,
				DDAAA30C1D2BED83000C2C6D /* MELMyBook.m in Sources */,
				DDAAA3021D2BEAEA000C2C6D /* main.m in Sources */,
			);
			runOnlyForDeploymentPostprocessing = 0;
		};
/* End PBXSourcesBuildPhase section */

/* Begin XCBuildConfiguration section */
		DDAAA3031D2BEAEA000C2C6D /* Debug */ = {
			isa = XCBuildConfiguration;
			buildSettings = {
				ALWAYS_SEARCH_USER_PATHS = NO;
				CLANG_ANALYZER_NONNULL = YES;
				CLANG_CXX_LANGUAGE_STANDARD = "gnu++0x";
				CLANG_CXX_LIBRARY = "libc++";
				CLANG_ENABLE_MODULES = YES;
				CLANG_ENABLE_OBJC_ARC = YES;
				CLANG_WARN_BOOL_CONVERSION = YES;
				CLANG_WARN_CONSTANT_CONVERSION = YES;
				CLANG_WARN_DIRECT_OBJC_ISA_USAGE = YES_ERROR;
				CLANG_WARN_EMPTY_BODY = YES;
				CLANG_WARN_ENUM_CONVERSION = YES;
				CLANG_WARN_INT_CONVERSION = YES;
				CLANG_WARN_OBJC_ROOT_CLASS = YES_ERROR;
				CLANG_WARN_UNREACHABLE_CODE = YES;
				CLANG_WARN__DUPLICATE_METHOD_MATCH = YES;
				CODE_SIGN_IDENTITY = "-";
				COPY_PHASE_STRIP = NO;
				DEBUG_INFORMATION_FORMAT = dwarf;
				ENABLE_STRICT_OBJC_MSGSEND = YES;
				ENABLE_TESTABILITY = YES;
				GCC_C_LANGUAGE_STANDARD = gnu99;
				GCC_DYNAMIC_NO_PIC = NO;
				GCC_NO_COMMON_BLOCKS = YES;
				GCC_OPTIMIZATION_LEVEL = 0;
				GCC_PREPROCESSOR_DEFINITIONS = (
					"DEBUG=1",
					"$(inherited)",
				);
				GCC_WARN_64_TO_32_BIT_CONVERSION = YES;
				GCC_WARN_ABOUT_RETURN_TYPE = YES_ERROR;
				GCC_WARN_UNDECLARED_SELECTOR = YES;
				GCC_WARN_UNINITIALIZED_AUTOS = YES_AGGRESSIVE;
				GCC_WARN_UNUSED_FUNCTION = YES;
				GCC_WARN_UNUSED_VARIABLE = YES;
				MACOSX_DEPLOYMENT_TARGET = 10.11;
				MTL_ENABLE_DEBUG_INFO = YES;
				ONLY_ACTIVE_ARCH = YES;
				SDKROOT = macosx;
			};
			name = Debug;
		};
		DDAAA3041D2BEAEA000C2C6D /* Release */ = {
			isa = XCBuildConfiguration;
			buildSettings = {
				ALWAYS_SEARCH_USER_PATHS = NO;
				CLANG_ANALYZER_NONNULL = YES;
				CLANG_CXX_LANGUAGE_STANDARD = "gnu++0x";
				CLANG_CXX_LIBRARY = "libc++";
				CLANG_ENABLE_MODULES = YES;
				CLANG_ENABLE_OBJC_ARC = YES;
				CLANG_WARN_BOOL_CONVERSION = YES;
				CLANG_WARN_CONSTANT_CONVERSION = YES;
				CLANG_WARN_DIRECT_OBJC_ISA_USAGE = YES_ERROR;
				CLANG_WARN_EMPTY_BODY = YES;
				CLANG_WARN_ENUM_CONVERSION = YES;
				CLANG_WARN_INT_CONVERSION = YES;
				CLANG_WARN_OBJC_ROOT_CLASS = YES_ERROR;
				CLANG_WARN_UNREACHABLE_CODE = YES;
				CLANG_WARN__DUPLICATE_METHOD_MATCH = YES;
				CODE_SIGN_IDENTITY = "-";
				COPY_PHASE_STRIP = NO;
				DEBUG_INFORMATION_FORMAT = "dwarf-with-dsym";
				ENABLE_NS_ASSERTIONS = NO;
				ENABLE_STRICT_OBJC_MSGSEND = YES;
				GCC_C_LANGUAGE_STANDARD = gnu99;
				GCC_NO_COMMON_BLOCKS = YES;
				GCC_WARN_64_TO_32_BIT_CONVERSION = YES;
				GCC_WARN_ABOUT_RETURN_TYPE = YES_ERROR;
				GCC_WARN_UNDECLARED_SELECTOR = YES;
				GCC_WARN_UNINITIALIZED_AUTOS = YES_AGGRESSIVE;
				GCC_WARN_UNUSED_FUNCTION = YES;
				GCC_WARN_UNUSED_VARIABLE = YES;
				MACOSX_DEPLOYMENT_TARGET = 10.11;
				MTL_ENABLE_DEBUG_INFO = NO;
				SDKROOT = macosx;
			};
			name = Release;
		};
		DDAAA3061D2BEAEA000C2C6D /* Debug */ = {
			isa = XCBuildConfiguration;
			buildSettings = {
				CLANG_ENABLE_OBJC_ARC = NO;
				PRODUCT_NAME = "$(TARGET_NAME)";
			};
			name = Debug;
		};
		DDAAA3071D2BEAEA000C2C6D /* Release */ = {
			isa = XCBuildConfiguration;
			buildSettings = {
				CLANG_ENABLE_OBJC_ARC = NO;
				PRODUCT_NAME = "$(TARGET_NAME)";
			};
			name = Release;
		};
/* End XCBuildConfiguration section */

/* Begin XCConfigurationList section */
		DDAAA2F91D2BEAEA000C2C6D /* Build configuration list for PBXProject "MyBook" */ = {
			isa = XCConfigurationList;
			buildConfigurations = (
				DDAAA3031D2BEAEA000C2C6D /* Debug */,
				DDAAA3041D2BEAEA000C2C6D /* Release */,
			);
			defaultConfigurationIsVisible = 0;
			defaultConfigurationName = Release;
		};
		DDAAA3051D2BEAEA000C2C6D /* Build configuration list for PBXNativeTarget "MyBook" */ = {
			isa = XCConfigurationList;
			buildConfigurations = (
				DDAAA3061D2BEAEA000C2C6D /* Debug */,
				DDAAA3071D2BEAEA000C2C6D /* Release */,
			);
			defaultConfigurationIsVisible = 0;
			defaultConfigurationName = Release;
		};
/* End XCConfigurationList section */
	};
	rootObject = DDAAA2F61D2BEAEA000C2C6D /* Project object */;
}
